
Microsoft Visual Studio Solution File, Format Version 12.00
# Visual Studio Version 17
VisualStudioVersion = 17.0.31912.275
MinimumVisualStudioVersion = 10.0.40219.1
Project("{FAE04EC0-301F-11D3-BF4B-00C04F79EFBC}") = "CashCmp", "CashCmp\CashCmp.csproj", "{B44395CC-6541-4D36-BE14-4C0C3F5F7F8F}"
EndProject
Global
	GlobalSection(SolutionConfigurationPlatforms) = preSolution
		Debug|Any CPU = Debug|Any CPU
		Release|Any CPU = Release|Any CPU
	EndGlobalSection
	GlobalSection(ProjectConfigurationPlatforms) = postSolution
		{B44395CC-6541-4D36-BE14-4C0C3F5F7F8F}.Debug|Any CPU.ActiveCfg = Debug|Any CPU
		{B44395CC-6541-4D36-BE14-4C0C3F5F7F8F}.Debug|Any CPU.Build.0 = Debug|Any CPU
		{B44395CC-6541-4D36-BE14-4C0C3F5F7F8F}.Release|Any CPU.ActiveCfg = Release|Any CPU
		{B44395CC-6541-4D36-BE14-4C0C3F5F7F8F}.Release|Any CPU.Build.0 = Release|Any CPU
	EndGlobalSection
	GlobalSection(SolutionProperties) = preSolution
		HideSolutionNode = FALSE
	EndGlobalSection
	GlobalSection(ExtensibilityGlobals) = postSolution
		SolutionGuid = {5DC17A6C-0116-4A4B-B359-5F13FED818FD}
	EndGlobalSection
EndGlobal
